
Microsoft Visual Studio Solution File, Format Version 12.00
# Visual Studio Version 17
VisualStudioVersion = 17.0.32126.317
MinimumVisualStudioVersion = 10.0.40219.1
Project("{FAE04EC0-301F-11D3-BF4B-00C04F79EFBC}") = "DenemeForm", "DenemeForm\DenemeForm.csproj", "{DC7D77DA-DB7A-4C0F-9C84-DF6A42281052}"
EndProject
Global
	GlobalSection(SolutionConfigurationPlatforms) = preSolution
		Debug|Any CPU = Debug|Any CPU
		Release|Any CPU = Release|Any CPU
	EndGlobalSection
	GlobalSection(ProjectConfigurationPlatforms) = postSolution
		{DC7D77DA-DB7A-4C0F-9C84-DF6A42281052}.Debug|Any CPU.ActiveCfg = Debug|Any CPU
		{DC7D77DA-DB7A-4C0F-9C84-DF6A42281052}.Debug|Any CPU.Build.0 = Debug|Any CPU
		{DC7D77DA-DB7A-4C0F-9C84-DF6A42281052}.Release|Any CPU.ActiveCfg = Release|Any CPU
		{DC7D77DA-DB7A-4C0F-9C84-DF6A42281052}.Release|Any CPU.Build.0 = Release|Any CPU
	EndGlobalSection
	GlobalSection(SolutionProperties) = preSolution
		HideSolutionNode = FALSE
	EndGlobalSection
	GlobalSection(ExtensibilityGlobals) = postSolution
		SolutionGuid = {F8808DD8-C0B9-4388-A13D-2A97FB203E7F}
	EndGlobalSection
EndGlobal
